{
    "_meta": {
        "hash": {
            "sha256": "3ad988dc9eab27591d765b2530ed8c621150cc26312213a7637b206f3862c224"
        },
        "pipfile-spec": 6,
        "requires": {
            "python_version": "3.7"
        },
        "sources": [
            {
                "name": "pypi",
                "url": "https://pypi.org/simple",
                "verify_ssl": true
            }
        ]
    },
    "default": {
        "range": {
            "hashes": [
                "sha256:81bb6bdcfacb33c805c8360a2f8d5c541fad4c67798dd03a8f283e6a1edb8bc0"
            ],
            "index": "pypi",
            "version": "==1.0.0"
        },
        "workbook": {
            "hashes": [
                "sha256:cbffbc5a7937d7fc63337d708ca23da6480fb2378e84da825222bb3d4a8dd1a4"
            ],
            "index": "pypi",
            "version": "==1.1"
        },
        "xlrd": {
            "hashes": [
                "sha256:546eb36cee8db40c3eaa46c351e67ffee6eeb5fa2650b71bc4c758a29a1b29b2",
                "sha256:e551fb498759fa3a5384a94ccd4c3c02eb7c00ea424426e212ac0c57be9dfbde"
            ],
            "version": "==1.2.0"
        },
        "xlutils": {
            "hashes": [
                "sha256:7e0e2c233bd185fecf5e2bd3f4e9469ca4a3bd87da64c82cfe5b2af27e7f9e54",
                "sha256:b56640862c030e9d53104e7f1d750135fdfabf6bf55e425e5ac40fdee9dbaeb9"
            ],
            "version": "==2.0.0"
        },
        "xlwt": {
            "hashes": [
                "sha256:a082260524678ba48a297d922cc385f58278b8aa68741596a87de01a9c628b2e",
                "sha256:c59912717a9b28f1a3c2a98fd60741014b06b043936dcecbc113eaaada156c88"
            ],
            "version": "==1.3.0"
        }
    },
    "develop": {}
}
